
Microsoft Visual Studio Solution File, Format Version 12.00
# Visual Studio 15
VisualStudioVersion = 15.0.27428.2015
MinimumVisualStudioVersion = 10.0.40219.1
Project("{FAE04EC0-301F-11D3-BF4B-00C04F79EFBC}") = "ComplexJwtAuthentication", "ComplexJwtAuthentication\ComplexJwtAuthentication.csproj", "{733151C5-5BC5-4B91-81F9-30F939ED004A}"
EndProject
Global
	GlobalSection(SolutionConfigurationPlatforms) = preSolution
		Debug|Any CPU = Debug|Any CPU
		Release|Any CPU = Release|Any CPU
	EndGlobalSection
	GlobalSection(ProjectConfigurationPlatforms) = postSolution
		{733151C5-5BC5-4B91-81F9-30F939ED004A}.Debug|Any CPU.ActiveCfg = Debug|Any CPU
		{733151C5-5BC5-4B91-81F9-30F939ED004A}.Debug|Any CPU.Build.0 = Debug|Any CPU
		{733151C5-5BC5-4B91-81F9-30F939ED004A}.Release|Any CPU.ActiveCfg = Release|Any CPU
		{733151C5-5BC5-4B91-81F9-30F939ED004A}.Release|Any CPU.Build.0 = Release|Any CPU
	EndGlobalSection
	GlobalSection(SolutionProperties) = preSolution
		HideSolutionNode = FALSE
	EndGlobalSection
	GlobalSection(ExtensibilityGlobals) = postSolution
		SolutionGuid = {F997FB8F-56AF-40C7-BA9D-E406C84ABBFA}
	EndGlobalSection
EndGlobal
