
Microsoft Visual Studio Solution File, Format Version 12.00
# Visual Studio 15
VisualStudioVersion = 15.0.27428.2015
MinimumVisualStudioVersion = 10.0.40219.1
Project("{9A19103F-16F7-4668-BE54-9A1E7A4F7556}") = "AspNetCoreService", "AspNetCoreService.csproj", "{1D59EACD-5080-4B99-9B1D-3DBD7206E17B}"
EndProject
Global
	GlobalSection(SolutionConfigurationPlatforms) = preSolution
		Debug|Any CPU = Debug|Any CPU
		Release|Any CPU = Release|Any CPU
	EndGlobalSection
	GlobalSection(ProjectConfigurationPlatforms) = postSolution
		{1D59EACD-5080-4B99-9B1D-3DBD7206E17B}.Debug|Any CPU.ActiveCfg = Debug|Any CPU
		{1D59EACD-5080-4B99-9B1D-3DBD7206E17B}.Debug|Any CPU.Build.0 = Debug|Any CPU
		{1D59EACD-5080-4B99-9B1D-3DBD7206E17B}.Release|Any CPU.ActiveCfg = Release|Any CPU
		{1D59EACD-5080-4B99-9B1D-3DBD7206E17B}.Release|Any CPU.Build.0 = Release|Any CPU
	EndGlobalSection
	GlobalSection(SolutionProperties) = preSolution
		HideSolutionNode = FALSE
	EndGlobalSection
	GlobalSection(ExtensibilityGlobals) = postSolution
		SolutionGuid = {7D27DF78-7A1E-4763-8E6B-04366A3F771A}
	EndGlobalSection
EndGlobal
